
Microsoft Visual Studio Solution File, Format Version 12.00
# Visual Studio Version 17
VisualStudioVersion = 17.6.33723.286
MinimumVisualStudioVersion = 10.0.40219.1
Project("{FAE04EC0-301F-11D3-BF4B-00C04F79EFBC}") = "RectangleArea", "RectangleArea\RectangleArea.csproj", "{BC7EF521-564C-49D8-8013-06C874CFF20F}"
EndProject
Global
	GlobalSection(SolutionConfigurationPlatforms) = preSolution
		Debug|Any CPU = Debug|Any CPU
		Release|Any CPU = Release|Any CPU
	EndGlobalSection
	GlobalSection(ProjectConfigurationPlatforms) = postSolution
		{BC7EF521-564C-49D8-8013-06C874CFF20F}.Debug|Any CPU.ActiveCfg = Debug|Any CPU
		{BC7EF521-564C-49D8-8013-06C874CFF20F}.Debug|Any CPU.Build.0 = Debug|Any CPU
		{BC7EF521-564C-49D8-8013-06C874CFF20F}.Release|Any CPU.ActiveCfg = Release|Any CPU
		{BC7EF521-564C-49D8-8013-06C874CFF20F}.Release|Any CPU.Build.0 = Release|Any CPU
	EndGlobalSection
	GlobalSection(SolutionProperties) = preSolution
		HideSolutionNode = FALSE
	EndGlobalSection
	GlobalSection(ExtensibilityGlobals) = postSolution
		SolutionGuid = {09E46C58-96B7-4C58-9CE0-7BC98874187B}
	EndGlobalSection
EndGlobal
