
Microsoft Visual Studio Solution File, Format Version 12.00
# Visual Studio Version 17
VisualStudioVersion = 17.6.33723.286
MinimumVisualStudioVersion = 10.0.40219.1
Project("{FAE04EC0-301F-11D3-BF4B-00C04F79EFBC}") = "TimeOfTheYear", "TimeOfTheYear\TimeOfTheYear.csproj", "{5C033622-3D73-4288-81CF-4C6A82A27154}"
EndProject
Global
	GlobalSection(SolutionConfigurationPlatforms) = preSolution
		Debug|Any CPU = Debug|Any CPU
		Release|Any CPU = Release|Any CPU
	EndGlobalSection
	GlobalSection(ProjectConfigurationPlatforms) = postSolution
		{5C033622-3D73-4288-81CF-4C6A82A27154}.Debug|Any CPU.ActiveCfg = Debug|Any CPU
		{5C033622-3D73-4288-81CF-4C6A82A27154}.Debug|Any CPU.Build.0 = Debug|Any CPU
		{5C033622-3D73-4288-81CF-4C6A82A27154}.Release|Any CPU.ActiveCfg = Release|Any CPU
		{5C033622-3D73-4288-81CF-4C6A82A27154}.Release|Any CPU.Build.0 = Release|Any CPU
	EndGlobalSection
	GlobalSection(SolutionProperties) = preSolution
		HideSolutionNode = FALSE
	EndGlobalSection
	GlobalSection(ExtensibilityGlobals) = postSolution
		SolutionGuid = {F1B3AB54-57FE-41C8-94BA-26C2C6F07233}
	EndGlobalSection
EndGlobal
