
Microsoft Visual Studio Solution File, Format Version 12.00
# Visual Studio Version 17
VisualStudioVersion = 17.6.33723.286
MinimumVisualStudioVersion = 10.0.40219.1
Project("{FAE04EC0-301F-11D3-BF4B-00C04F79EFBC}") = "Calculator", "Calculator\Calculator.csproj", "{2E935530-3D48-468A-8A3A-6C354946BDAF}"
EndProject
Global
	GlobalSection(SolutionConfigurationPlatforms) = preSolution
		Debug|Any CPU = Debug|Any CPU
		Release|Any CPU = Release|Any CPU
	EndGlobalSection
	GlobalSection(ProjectConfigurationPlatforms) = postSolution
		{2E935530-3D48-468A-8A3A-6C354946BDAF}.Debug|Any CPU.ActiveCfg = Debug|Any CPU
		{2E935530-3D48-468A-8A3A-6C354946BDAF}.Debug|Any CPU.Build.0 = Debug|Any CPU
		{2E935530-3D48-468A-8A3A-6C354946BDAF}.Release|Any CPU.ActiveCfg = Release|Any CPU
		{2E935530-3D48-468A-8A3A-6C354946BDAF}.Release|Any CPU.Build.0 = Release|Any CPU
	EndGlobalSection
	GlobalSection(SolutionProperties) = preSolution
		HideSolutionNode = FALSE
	EndGlobalSection
	GlobalSection(ExtensibilityGlobals) = postSolution
		SolutionGuid = {CA843DE7-2012-4D1A-BAB9-2AADD0BEB139}
	EndGlobalSection
EndGlobal
